
Microsoft Visual Studio Solution File, Format Version 12.00
# Visual Studio 2012
Project("{F184B08F-C81C-45F6-A57F-5ABD9991F28F}") = "VIN计算", "VIN计算\VIN计算.vbproj", "{3BB9E3A1-A3D6-44DA-BF19-4B534A57823E}"
EndProject
Global
	GlobalSection(SolutionConfigurationPlatforms) = preSolution
		Debug|Any CPU = Debug|Any CPU
		Release|Any CPU = Release|Any CPU
	EndGlobalSection
	GlobalSection(ProjectConfigurationPlatforms) = postSolution
		{3BB9E3A1-A3D6-44DA-BF19-4B534A57823E}.Debug|Any CPU.ActiveCfg = Debug|Any CPU
		{3BB9E3A1-A3D6-44DA-BF19-4B534A57823E}.Debug|Any CPU.Build.0 = Debug|Any CPU
		{3BB9E3A1-A3D6-44DA-BF19-4B534A57823E}.Release|Any CPU.ActiveCfg = Release|Any CPU
		{3BB9E3A1-A3D6-44DA-BF19-4B534A57823E}.Release|Any CPU.Build.0 = Release|Any CPU
	EndGlobalSection
	GlobalSection(SolutionProperties) = preSolution
		HideSolutionNode = FALSE
	EndGlobalSection
EndGlobal
